
Microsoft Visual Studio Solution File, Format Version 12.00
# Visual Studio Version 17
VisualStudioVersion = 17.0.31903.59
MinimumVisualStudioVersion = 10.0.40219.1
Project("{2150E333-8FDC-42A3-9474-1A3956D46DE8}") = "src", "src", "{9180AF6B-8FD3-4205-BD84-5AA5323EEC81}"
EndProject
Project("{FAE04EC0-301F-11D3-BF4B-00C04F79EFBC}") = "NabtoClient", "src\NabtoClient\NabtoClient.csproj", "{AAA16B62-9365-40FA-B745-814E781C4C47}"
EndProject
Project("{2150E333-8FDC-42A3-9474-1A3956D46DE8}") = "test", "test", "{59E2BB46-74EA-42B7-8935-5AFB2E198E59}"
EndProject
Project("{FAE04EC0-301F-11D3-BF4B-00C04F79EFBC}") = "NabtoClient.Tests", "test\NabtoClient.Tests\NabtoClient.Tests.csproj", "{79158946-84FF-448B-AD7B-EC5CEA1C32F8}"
EndProject
Project("{2150E333-8FDC-42A3-9474-1A3956D46DE8}") = "samples", "samples", "{3EF97301-8FE1-43FD-917F-6FF1AF706A51}"
EndProject
Project("{FAE04EC0-301F-11D3-BF4B-00C04F79EFBC}") = "MdnsScanner", "samples\MdnsScanner\MdnsScanner.csproj", "{18173AEF-0772-474B-B879-2503FF6D3742}"
EndProject
Project("{FAE04EC0-301F-11D3-BF4B-00C04F79EFBC}") = "SimpleTunnel", "samples\SimpleTunnel\SimpleTunnel.csproj", "{46829A56-36F0-4F2A-9EE4-409ACF063C99}"
EndProject
Project("{FAE04EC0-301F-11D3-BF4B-00C04F79EFBC}") = "Minimal", "samples\Minimal\Minimal.csproj", "{B8052F14-7A61-4FAD-9A70-E551A9C5F250}"
EndProject
Project("{FAE04EC0-301F-11D3-BF4B-00C04F79EFBC}") = "IamUtil.Tests", "test\IamUtil.Tests\IamUtil.Tests.csproj", "{AFE16983-04BA-4BFD-88CA-A69005EA4AEF}"
EndProject
Global
	GlobalSection(SolutionConfigurationPlatforms) = preSolution
		Debug|Any CPU = Debug|Any CPU
		Release|Any CPU = Release|Any CPU
	EndGlobalSection
	GlobalSection(SolutionProperties) = preSolution
		HideSolutionNode = FALSE
	EndGlobalSection
	GlobalSection(ProjectConfigurationPlatforms) = postSolution
		{AAA16B62-9365-40FA-B745-814E781C4C47}.Debug|Any CPU.ActiveCfg = Debug|Any CPU
		{AAA16B62-9365-40FA-B745-814E781C4C47}.Debug|Any CPU.Build.0 = Debug|Any CPU
		{AAA16B62-9365-40FA-B745-814E781C4C47}.Release|Any CPU.ActiveCfg = Release|Any CPU
		{AAA16B62-9365-40FA-B745-814E781C4C47}.Release|Any CPU.Build.0 = Release|Any CPU
		{79158946-84FF-448B-AD7B-EC5CEA1C32F8}.Debug|Any CPU.ActiveCfg = Debug|Any CPU
		{79158946-84FF-448B-AD7B-EC5CEA1C32F8}.Debug|Any CPU.Build.0 = Debug|Any CPU
		{79158946-84FF-448B-AD7B-EC5CEA1C32F8}.Release|Any CPU.ActiveCfg = Release|Any CPU
		{79158946-84FF-448B-AD7B-EC5CEA1C32F8}.Release|Any CPU.Build.0 = Release|Any CPU
		{18173AEF-0772-474B-B879-2503FF6D3742}.Debug|Any CPU.ActiveCfg = Debug|Any CPU
		{18173AEF-0772-474B-B879-2503FF6D3742}.Debug|Any CPU.Build.0 = Debug|Any CPU
		{18173AEF-0772-474B-B879-2503FF6D3742}.Release|Any CPU.ActiveCfg = Release|Any CPU
		{18173AEF-0772-474B-B879-2503FF6D3742}.Release|Any CPU.Build.0 = Release|Any CPU
		{46829A56-36F0-4F2A-9EE4-409ACF063C99}.Debug|Any CPU.ActiveCfg = Debug|Any CPU
		{46829A56-36F0-4F2A-9EE4-409ACF063C99}.Debug|Any CPU.Build.0 = Debug|Any CPU
		{46829A56-36F0-4F2A-9EE4-409ACF063C99}.Release|Any CPU.ActiveCfg = Release|Any CPU
		{46829A56-36F0-4F2A-9EE4-409ACF063C99}.Release|Any CPU.Build.0 = Release|Any CPU
		{B8052F14-7A61-4FAD-9A70-E551A9C5F250}.Debug|Any CPU.ActiveCfg = Debug|Any CPU
		{B8052F14-7A61-4FAD-9A70-E551A9C5F250}.Debug|Any CPU.Build.0 = Debug|Any CPU
		{B8052F14-7A61-4FAD-9A70-E551A9C5F250}.Release|Any CPU.ActiveCfg = Release|Any CPU
		{B8052F14-7A61-4FAD-9A70-E551A9C5F250}.Release|Any CPU.Build.0 = Release|Any CPU
		{AFE16983-04BA-4BFD-88CA-A69005EA4AEF}.Debug|Any CPU.ActiveCfg = Debug|Any CPU
		{AFE16983-04BA-4BFD-88CA-A69005EA4AEF}.Debug|Any CPU.Build.0 = Debug|Any CPU
		{AFE16983-04BA-4BFD-88CA-A69005EA4AEF}.Release|Any CPU.ActiveCfg = Release|Any CPU
		{AFE16983-04BA-4BFD-88CA-A69005EA4AEF}.Release|Any CPU.Build.0 = Release|Any CPU
	EndGlobalSection
	GlobalSection(NestedProjects) = preSolution
		{AAA16B62-9365-40FA-B745-814E781C4C47} = {9180AF6B-8FD3-4205-BD84-5AA5323EEC81}
		{79158946-84FF-448B-AD7B-EC5CEA1C32F8} = {59E2BB46-74EA-42B7-8935-5AFB2E198E59}
		{18173AEF-0772-474B-B879-2503FF6D3742} = {3EF97301-8FE1-43FD-917F-6FF1AF706A51}
		{46829A56-36F0-4F2A-9EE4-409ACF063C99} = {3EF97301-8FE1-43FD-917F-6FF1AF706A51}
		{B8052F14-7A61-4FAD-9A70-E551A9C5F250} = {3EF97301-8FE1-43FD-917F-6FF1AF706A51}
		{AFE16983-04BA-4BFD-88CA-A69005EA4AEF} = {59E2BB46-74EA-42B7-8935-5AFB2E198E59}
	EndGlobalSection
EndGlobal
